
Microsoft Visual Studio Solution File, Format Version 12.00
# Visual Studio Version 16
VisualStudioVersion = 16.0.30309.148
MinimumVisualStudioVersion = 10.0.40219.1
Project("{F184B08F-C81C-45F6-A57F-5ABD9991F28F}") = "WebApplication1", "WebApplication1\WebApplication1.vbproj", "{23E6F4BB-05E9-459D-B15D-B02151438840}"
EndProject
Global
	GlobalSection(SolutionConfigurationPlatforms) = preSolution
		Debug|Any CPU = Debug|Any CPU
		Release|Any CPU = Release|Any CPU
	EndGlobalSection
	GlobalSection(ProjectConfigurationPlatforms) = postSolution
		{23E6F4BB-05E9-459D-B15D-B02151438840}.Debug|Any CPU.ActiveCfg = Debug|Any CPU
		{23E6F4BB-05E9-459D-B15D-B02151438840}.Debug|Any CPU.Build.0 = Debug|Any CPU
		{23E6F4BB-05E9-459D-B15D-B02151438840}.Release|Any CPU.ActiveCfg = Release|Any CPU
		{23E6F4BB-05E9-459D-B15D-B02151438840}.Release|Any CPU.Build.0 = Release|Any CPU
	EndGlobalSection
	GlobalSection(SolutionProperties) = preSolution
		HideSolutionNode = FALSE
	EndGlobalSection
	GlobalSection(ExtensibilityGlobals) = postSolution
		SolutionGuid = {DD75E042-8C9B-4FB6-AC00-3FDA1E055589}
	EndGlobalSection
EndGlobal
